
Microsoft Visual Studio Solution File, Format Version 12.00
# Visual Studio Version 17
VisualStudioVersion = 17.11.35303.130
MinimumVisualStudioVersion = 10.0.40219.1
Project("{FAE04EC0-301F-11D3-BF4B-00C04F79EFBC}") = "ConsoleApp21", "ConsoleApp21\ConsoleApp21.csproj", "{A9165C89-64FD-461F-8245-B118FC9E8EC1}"
EndProject
Global
	GlobalSection(SolutionConfigurationPlatforms) = preSolution
		Debug|Any CPU = Debug|Any CPU
		Release|Any CPU = Release|Any CPU
	EndGlobalSection
	GlobalSection(ProjectConfigurationPlatforms) = postSolution
		{A9165C89-64FD-461F-8245-B118FC9E8EC1}.Debug|Any CPU.ActiveCfg = Debug|Any CPU
		{A9165C89-64FD-461F-8245-B118FC9E8EC1}.Debug|Any CPU.Build.0 = Debug|Any CPU
		{A9165C89-64FD-461F-8245-B118FC9E8EC1}.Release|Any CPU.ActiveCfg = Release|Any CPU
		{A9165C89-64FD-461F-8245-B118FC9E8EC1}.Release|Any CPU.Build.0 = Release|Any CPU
	EndGlobalSection
	GlobalSection(SolutionProperties) = preSolution
		HideSolutionNode = FALSE
	EndGlobalSection
	GlobalSection(ExtensibilityGlobals) = postSolution
		SolutionGuid = {8E18B045-A43B-4D37-B6C4-42E369603D2C}
	EndGlobalSection
EndGlobal
